
Microsoft Visual Studio Solution File, Format Version 12.00
# Visual Studio Version 17
VisualStudioVersion = 17.9.34728.123
MinimumVisualStudioVersion = 10.0.40219.1
Project("{FAE04EC0-301F-11D3-BF4B-00C04F79EFBC}") = "primeiro projeto", "primeiro projeto\primeiro projeto.csproj", "{BE9A8952-42E6-4C82-9FE1-2AAC1A2E8D7F}"
EndProject
Global
	GlobalSection(SolutionConfigurationPlatforms) = preSolution
		Debug|Any CPU = Debug|Any CPU
		Release|Any CPU = Release|Any CPU
	EndGlobalSection
	GlobalSection(ProjectConfigurationPlatforms) = postSolution
		{BE9A8952-42E6-4C82-9FE1-2AAC1A2E8D7F}.Debug|Any CPU.ActiveCfg = Debug|Any CPU
		{BE9A8952-42E6-4C82-9FE1-2AAC1A2E8D7F}.Debug|Any CPU.Build.0 = Debug|Any CPU
		{BE9A8952-42E6-4C82-9FE1-2AAC1A2E8D7F}.Release|Any CPU.ActiveCfg = Release|Any CPU
		{BE9A8952-42E6-4C82-9FE1-2AAC1A2E8D7F}.Release|Any CPU.Build.0 = Release|Any CPU
	EndGlobalSection
	GlobalSection(SolutionProperties) = preSolution
		HideSolutionNode = FALSE
	EndGlobalSection
	GlobalSection(ExtensibilityGlobals) = postSolution
		SolutionGuid = {0DBD403E-7187-4C59-8003-37072DCE6C25}
	EndGlobalSection
EndGlobal
